// !$*UTF8*$!
{
	archiveVersion = 1;
	classes = {
	};
	objectVersion = 51;
	objects = {

/* Begin PBXBuildFile section */
		AC420D93BF88AFB44E4A3938 /* Pods_arquitectura.framework in Frameworks */ = {isa = PBXBuildFile; fileRef = 9E77E242F6A6E5448558B3A1 /* Pods_arquitectura.framework */; };
		DE51560A2314C88600EB6793 /* LoginView.swift in Sources */ = {isa = PBXBuildFile; fileRef = DE5156092314C88600EB6793 /* LoginView.swift */; };
		DE51560C2314C8F700EB6793 /* LoginView.storyboard in Resources */ = {isa = PBXBuildFile; fileRef = DE51560B2314C8F700EB6793 /* LoginView.storyboard */; };
		DE51560E2314C93D00EB6793 /* LoginViewModel.swift in Sources */ = {isa = PBXBuildFile; fileRef = DE51560D2314C93D00EB6793 /* LoginViewModel.swift */; };
		DE5156102314C95500EB6793 /* LoginModel.swift in Sources */ = {isa = PBXBuildFile; fileRef = DE51560F2314C95500EB6793 /* LoginModel.swift */; };
		DE5156132314C97500EB6793 /* LoginRouter.swift in Sources */ = {isa = PBXBuildFile; fileRef = DE5156122314C97500EB6793 /* LoginRouter.swift */; };
		DE5156222315725000EB6793 /* NavigationController.xib in Resources */ = {isa = PBXBuildFile; fileRef = DE5156212315725000EB6793 /* NavigationController.xib */; };
		DE5156252315991500EB6793 /* AppState.swift in Sources */ = {isa = PBXBuildFile; fileRef = DE5156242315991500EB6793 /* AppState.swift */; };
		DE5156282315998600EB6793 /* UsuarioModel.swift in Sources */ = {isa = PBXBuildFile; fileRef = DE5156272315998600EB6793 /* UsuarioModel.swift */; };
		DE5156422317252000EB6793 /* BaseView.swift in Sources */ = {isa = PBXBuildFile; fileRef = DE5156412317252000EB6793 /* BaseView.swift */; };
		DE515644231726D400EB6793 /* BaseViewModel.swift in Sources */ = {isa = PBXBuildFile; fileRef = DE515643231726D400EB6793 /* BaseViewModel.swift */; };
		DE515646231726E900EB6793 /* BaseModel.swift in Sources */ = {isa = PBXBuildFile; fileRef = DE515645231726E900EB6793 /* BaseModel.swift */; };
		DE51564B2317278800EB6793 /* BaseRouting.swift in Sources */ = {isa = PBXBuildFile; fileRef = DE51564A2317278800EB6793 /* BaseRouting.swift */; };
		DE5156542317506400EB6793 /* HomeRouting.swift in Sources */ = {isa = PBXBuildFile; fileRef = DE5156532317506400EB6793 /* HomeRouting.swift */; };
		DE515658231750C200EB6793 /* HomeView.swift in Sources */ = {isa = PBXBuildFile; fileRef = DE515657231750C200EB6793 /* HomeView.swift */; };
		DE51565A231750D000EB6793 /* HomeView.storyboard in Resources */ = {isa = PBXBuildFile; fileRef = DE515659231750D000EB6793 /* HomeView.storyboard */; };
		DE51565C2317510F00EB6793 /* HomeViewModel.swift in Sources */ = {isa = PBXBuildFile; fileRef = DE51565B2317510F00EB6793 /* HomeViewModel.swift */; };
		DE60E88123147E600073D562 /* AppDelegate.swift in Sources */ = {isa = PBXBuildFile; fileRef = DE60E88023147E600073D562 /* AppDelegate.swift */; };
		DE60E88823147E6C0073D562 /* Assets.xcassets in Resources */ = {isa = PBXBuildFile; fileRef = DE60E88723147E6C0073D562 /* Assets.xcassets */; };
		DE60E88B23147E6C0073D562 /* LaunchScreen.storyboard in Resources */ = {isa = PBXBuildFile; fileRef = DE60E88923147E6C0073D562 /* LaunchScreen.storyboard */; };
		FAF5CF83231785210002919C /* AppStateManager.swift in Sources */ = {isa = PBXBuildFile; fileRef = FAF5CF82231785210002919C /* AppStateManager.swift */; };
/* End PBXBuildFile section */

/* Begin PBXFileReference section */
		6D0122C9F2B70F42DA6FB8AD /* Pods-arquitectura.debug.xcconfig */ = {isa = PBXFileReference; includeInIndex = 1; lastKnownFileType = text.xcconfig; name = "Pods-arquitectura.debug.xcconfig"; path = "Target Support Files/Pods-arquitectura/Pods-arquitectura.debug.xcconfig"; sourceTree = "<group>"; };
		7CB3BE501DF618392061E40F /* Pods-arquitectura.release.xcconfig */ = {isa = PBXFileReference; includeInIndex = 1; lastKnownFileType = text.xcconfig; name = "Pods-arquitectura.release.xcconfig"; path = "Target Support Files/Pods-arquitectura/Pods-arquitectura.release.xcconfig"; sourceTree = "<group>"; };
		9E77E242F6A6E5448558B3A1 /* Pods_arquitectura.framework */ = {isa = PBXFileReference; explicitFileType = wrapper.framework; includeInIndex = 0; path = Pods_arquitectura.framework; sourceTree = BUILT_PRODUCTS_DIR; };
		DE5156092314C88600EB6793 /* LoginView.swift */ = {isa = PBXFileReference; lastKnownFileType = sourcecode.swift; path = LoginView.swift; sourceTree = "<group>"; };
		DE51560B2314C8F700EB6793 /* LoginView.storyboard */ = {isa = PBXFileReference; lastKnownFileType = file.storyboard; path = LoginView.storyboard; sourceTree = "<group>"; };
		DE51560D2314C93D00EB6793 /* LoginViewModel.swift */ = {isa = PBXFileReference; lastKnownFileType = sourcecode.swift; path = LoginViewModel.swift; sourceTree = "<group>"; };
		DE51560F2314C95500EB6793 /* LoginModel.swift */ = {isa = PBXFileReference; lastKnownFileType = sourcecode.swift; path = LoginModel.swift; sourceTree = "<group>"; };
		DE5156122314C97500EB6793 /* LoginRouter.swift */ = {isa = PBXFileReference; lastKnownFileType = sourcecode.swift; path = LoginRouter.swift; sourceTree = "<group>"; };
		DE5156212315725000EB6793 /* NavigationController.xib */ = {isa = PBXFileReference; lastKnownFileType = file.xib; path = NavigationController.xib; sourceTree = "<group>"; };
		DE5156242315991500EB6793 /* AppState.swift */ = {isa = PBXFileReference; lastKnownFileType = sourcecode.swift; path = AppState.swift; sourceTree = "<group>"; };
		DE5156272315998600EB6793 /* UsuarioModel.swift */ = {isa = PBXFileReference; lastKnownFileType = sourcecode.swift; path = UsuarioModel.swift; sourceTree = "<group>"; };
		DE5156412317252000EB6793 /* BaseView.swift */ = {isa = PBXFileReference; lastKnownFileType = sourcecode.swift; path = BaseView.swift; sourceTree = "<group>"; };
		DE515643231726D400EB6793 /* BaseViewModel.swift */ = {isa = PBXFileReference; lastKnownFileType = sourcecode.swift; path = BaseViewModel.swift; sourceTree = "<group>"; };
		DE515645231726E900EB6793 /* BaseModel.swift */ = {isa = PBXFileReference; lastKnownFileType = sourcecode.swift; path = BaseModel.swift; sourceTree = "<group>"; };
		DE51564A2317278800EB6793 /* BaseRouting.swift */ = {isa = PBXFileReference; lastKnownFileType = sourcecode.swift; path = BaseRouting.swift; sourceTree = "<group>"; };
		DE5156532317506400EB6793 /* HomeRouting.swift */ = {isa = PBXFileReference; lastKnownFileType = sourcecode.swift; path = HomeRouting.swift; sourceTree = "<group>"; };
		DE515657231750C200EB6793 /* HomeView.swift */ = {isa = PBXFileReference; lastKnownFileType = sourcecode.swift; path = HomeView.swift; sourceTree = "<group>"; };
		DE515659231750D000EB6793 /* HomeView.storyboard */ = {isa = PBXFileReference; lastKnownFileType = file.storyboard; path = HomeView.storyboard; sourceTree = "<group>"; };
		DE51565B2317510F00EB6793 /* HomeViewModel.swift */ = {isa = PBXFileReference; lastKnownFileType = sourcecode.swift; path = HomeViewModel.swift; sourceTree = "<group>"; };
		DE60E87D23147E600073D562 /* arquitectura.app */ = {isa = PBXFileReference; explicitFileType = wrapper.application; includeInIndex = 0; path = arquitectura.app; sourceTree = BUILT_PRODUCTS_DIR; };
		DE60E88023147E600073D562 /* AppDelegate.swift */ = {isa = PBXFileReference; lastKnownFileType = sourcecode.swift; path = AppDelegate.swift; sourceTree = "<group>"; };
		DE60E88723147E6C0073D562 /* Assets.xcassets */ = {isa = PBXFileReference; lastKnownFileType = folder.assetcatalog; path = Assets.xcassets; sourceTree = "<group>"; };
		DE60E88A23147E6C0073D562 /* Base */ = {isa = PBXFileReference; lastKnownFileType = file.storyboard; name = Base; path = Base.lproj/LaunchScreen.storyboard; sourceTree = "<group>"; };
		DE60E88C23147E6C0073D562 /* Info.plist */ = {isa = PBXFileReference; lastKnownFileType = text.plist.xml; path = Info.plist; sourceTree = "<group>"; };
		FAF5CF82231785210002919C /* AppStateManager.swift */ = {isa = PBXFileReference; lastKnownFileType = sourcecode.swift; path = AppStateManager.swift; sourceTree = "<group>"; };
/* End PBXFileReference section */

/* Begin PBXFrameworksBuildPhase section */
		DE60E87A23147E600073D562 /* Frameworks */ = {
			isa = PBXFrameworksBuildPhase;
			buildActionMask = 2147483647;
			files = (
				AC420D93BF88AFB44E4A3938 /* Pods_arquitectura.framework in Frameworks */,
			);
			runOnlyForDeploymentPostprocessing = 0;
		};
/* End PBXFrameworksBuildPhase section */

/* Begin PBXGroup section */
		59EBC6A14EFC86915E84E446 /* Pods */ = {
			isa = PBXGroup;
			children = (
				6D0122C9F2B70F42DA6FB8AD /* Pods-arquitectura.debug.xcconfig */,
				7CB3BE501DF618392061E40F /* Pods-arquitectura.release.xcconfig */,
			);
			path = Pods;
			sourceTree = "<group>";
		};
		93CD750897555138478558D1 /* Frameworks */ = {
			isa = PBXGroup;
			children = (
				9E77E242F6A6E5448558B3A1 /* Pods_arquitectura.framework */,
			);
			name = Frameworks;
			sourceTree = "<group>";
		};
		DE5156022314C75C00EB6793 /* Modules */ = {
			isa = PBXGroup;
			children = (
				DE51564E2317501400EB6793 /* Home */,
				DE5156032314C76A00EB6793 /* Login */,
			);
			path = Modules;
			sourceTree = "<group>";
		};
		DE5156032314C76A00EB6793 /* Login */ = {
			isa = PBXGroup;
			children = (
				DE5156112314C96900EB6793 /* Routing */,
				DE5156062314C79F00EB6793 /* View */,
				DE5156052314C78800EB6793 /* ViewModel */,
				DE5156042314C77500EB6793 /* Model */,
			);
			path = Login;
			sourceTree = "<group>";
		};
		DE5156042314C77500EB6793 /* Model */ = {
			isa = PBXGroup;
			children = (
				DE5156272315998600EB6793 /* UsuarioModel.swift */,
				DE51560F2314C95500EB6793 /* LoginModel.swift */,
			);
			path = Model;
			sourceTree = "<group>";
		};
		DE5156052314C78800EB6793 /* ViewModel */ = {
			isa = PBXGroup;
			children = (
				DE51560D2314C93D00EB6793 /* LoginViewModel.swift */,
			);
			path = ViewModel;
			sourceTree = "<group>";
		};
		DE5156062314C79F00EB6793 /* View */ = {
			isa = PBXGroup;
			children = (
				DE5156092314C88600EB6793 /* LoginView.swift */,
				DE51560B2314C8F700EB6793 /* LoginView.storyboard */,
			);
			path = View;
			sourceTree = "<group>";
		};
		DE5156112314C96900EB6793 /* Routing */ = {
			isa = PBXGroup;
			children = (
				DE5156122314C97500EB6793 /* LoginRouter.swift */,
			);
			path = Routing;
			sourceTree = "<group>";
		};
		DE51561423155F9800EB6793 /* Common */ = {
			isa = PBXGroup;
			children = (
				FAF5CF81231785010002919C /* AppState */,
				DE51563C2317248700EB6793 /* MVVMRR */,
			);
			path = Common;
			sourceTree = "<group>";
		};
		DE51561F2315722900EB6793 /* Xibs */ = {
			isa = PBXGroup;
			children = (
				DE5156202315723A00EB6793 /* NavigationController */,
			);
			path = Xibs;
			sourceTree = "<group>";
		};
		DE5156202315723A00EB6793 /* NavigationController */ = {
			isa = PBXGroup;
			children = (
				DE5156212315725000EB6793 /* NavigationController.xib */,
			);
			path = NavigationController;
			sourceTree = "<group>";
		};
		DE515623231598AB00EB6793 /* State */ = {
			isa = PBXGroup;
			children = (
				DE5156242315991500EB6793 /* AppState.swift */,
			);
			path = State;
			sourceTree = "<group>";
		};
		DE51563C2317248700EB6793 /* MVVMRR */ = {
			isa = PBXGroup;
			children = (
				DE51561F2315722900EB6793 /* Xibs */,
				DE515623231598AB00EB6793 /* State */,
				DE5156492317277E00EB6793 /* BaseRouting */,
				DE51563F231724EB00EB6793 /* BaseModel */,
				DE51563E231724C500EB6793 /* BaseViewModel */,
				DE51563D231724B800EB6793 /* BaseView */,
			);
			path = MVVMRR;
			sourceTree = "<group>";
		};
		DE51563D231724B800EB6793 /* BaseView */ = {
			isa = PBXGroup;
			children = (
				DE5156412317252000EB6793 /* BaseView.swift */,
			);
			path = BaseView;
			sourceTree = "<group>";
		};
		DE51563E231724C500EB6793 /* BaseViewModel */ = {
			isa = PBXGroup;
			children = (
				DE515643231726D400EB6793 /* BaseViewModel.swift */,
			);
			path = BaseViewModel;
			sourceTree = "<group>";
		};
		DE51563F231724EB00EB6793 /* BaseModel */ = {
			isa = PBXGroup;
			children = (
				DE515645231726E900EB6793 /* BaseModel.swift */,
			);
			path = BaseModel;
			sourceTree = "<group>";
		};
		DE5156492317277E00EB6793 /* BaseRouting */ = {
			isa = PBXGroup;
			children = (
				DE51564A2317278800EB6793 /* BaseRouting.swift */,
			);
			path = BaseRouting;
			sourceTree = "<group>";
		};
		DE51564E2317501400EB6793 /* Home */ = {
			isa = PBXGroup;
			children = (
				DE5156522317503B00EB6793 /* Routing */,
				DE5156512317503300EB6793 /* View */,
				DE5156502317502800EB6793 /* ViewModel */,
			);
			path = Home;
			sourceTree = "<group>";
		};
		DE5156502317502800EB6793 /* ViewModel */ = {
			isa = PBXGroup;
			children = (
				DE51565B2317510F00EB6793 /* HomeViewModel.swift */,
			);
			path = ViewModel;
			sourceTree = "<group>";
		};
		DE5156512317503300EB6793 /* View */ = {
			isa = PBXGroup;
			children = (
				DE515657231750C200EB6793 /* HomeView.swift */,
				DE515659231750D000EB6793 /* HomeView.storyboard */,
			);
			path = View;
			sourceTree = "<group>";
		};
		DE5156522317503B00EB6793 /* Routing */ = {
			isa = PBXGroup;
			children = (
				DE5156532317506400EB6793 /* HomeRouting.swift */,
			);
			path = Routing;
			sourceTree = "<group>";
		};
		DE60E87423147E600073D562 = {
			isa = PBXGroup;
			children = (
				DE60E87F23147E600073D562 /* arquitectura */,
				DE60E87E23147E600073D562 /* Products */,
				59EBC6A14EFC86915E84E446 /* Pods */,
				93CD750897555138478558D1 /* Frameworks */,
			);
			sourceTree = "<group>";
		};
		DE60E87E23147E600073D562 /* Products */ = {
			isa = PBXGroup;
			children = (
				DE60E87D23147E600073D562 /* arquitectura.app */,
			);
			name = Products;
			sourceTree = "<group>";
		};
		DE60E87F23147E600073D562 /* arquitectura */ = {
			isa = PBXGroup;
			children = (
				DE51561423155F9800EB6793 /* Common */,
				DE5156022314C75C00EB6793 /* Modules */,
				DE60E88023147E600073D562 /* AppDelegate.swift */,
				DE60E88723147E6C0073D562 /* Assets.xcassets */,
				DE60E88923147E6C0073D562 /* LaunchScreen.storyboard */,
				DE60E88C23147E6C0073D562 /* Info.plist */,
			);
			path = arquitectura;
			sourceTree = "<group>";
		};
		FAF5CF81231785010002919C /* AppState */ = {
			isa = PBXGroup;
			children = (
				FAF5CF82231785210002919C /* AppStateManager.swift */,
			);
			path = AppState;
			sourceTree = "<group>";
		};
/* End PBXGroup section */

/* Begin PBXNativeTarget section */
		DE60E87C23147E600073D562 /* arquitectura */ = {
			isa = PBXNativeTarget;
			buildConfigurationList = DE60E88F23147E6C0073D562 /* Build configuration list for PBXNativeTarget "arquitectura" */;
			buildPhases = (
				EFBB816EDAC6F64CA94127FF /* [CP] Check Pods Manifest.lock */,
				DE60E87923147E600073D562 /* Sources */,
				DE60E87A23147E600073D562 /* Frameworks */,
				DE60E87B23147E600073D562 /* Resources */,
				9B4560F30DD27E14474C802B /* [CP] Embed Pods Frameworks */,
			);
			buildRules = (
			);
			dependencies = (
			);
			name = arquitectura;
			productName = arquitectura;
			productReference = DE60E87D23147E600073D562 /* arquitectura.app */;
			productType = "com.apple.product-type.application";
		};
/* End PBXNativeTarget section */

/* Begin PBXProject section */
		DE60E87523147E600073D562 /* Project object */ = {
			isa = PBXProject;
			attributes = {
				LastSwiftUpdateCheck = 1030;
				LastUpgradeCheck = 1030;
				ORGANIZATIONNAME = hidesoft;
				TargetAttributes = {
					DE60E87C23147E600073D562 = {
						CreatedOnToolsVersion = 10.3;
					};
				};
			};
			buildConfigurationList = DE60E87823147E600073D562 /* Build configuration list for PBXProject "arquitectura" */;
			compatibilityVersion = "Xcode 9.3";
			developmentRegion = en;
			hasScannedForEncodings = 0;
			knownRegions = (
				en,
				Base,
			);
			mainGroup = DE60E87423147E600073D562;
			productRefGroup = DE60E87E23147E600073D562 /* Products */;
			projectDirPath = "";
			projectRoot = "";
			targets = (
				DE60E87C23147E600073D562 /* arquitectura */,
			);
		};
/* End PBXProject section */

/* Begin PBXResourcesBuildPhase section */
		DE60E87B23147E600073D562 /* Resources */ = {
			isa = PBXResourcesBuildPhase;
			buildActionMask = 2147483647;
			files = (
				DE60E88B23147E6C0073D562 /* LaunchScreen.storyboard in Resources */,
				DE51565A231750D000EB6793 /* HomeView.storyboard in Resources */,
				DE5156222315725000EB6793 /* NavigationController.xib in Resources */,
				DE60E88823147E6C0073D562 /* Assets.xcassets in Resources */,
				DE51560C2314C8F700EB6793 /* LoginView.storyboard in Resources */,
			);
			runOnlyForDeploymentPostprocessing = 0;
		};
/* End PBXResourcesBuildPhase section */

/* Begin PBXShellScriptBuildPhase section */
		9B4560F30DD27E14474C802B /* [CP] Embed Pods Frameworks */ = {
			isa = PBXShellScriptBuildPhase;
			buildActionMask = 2147483647;
			files = (
			);
			inputFileListPaths = (
				"${PODS_ROOT}/Target Support Files/Pods-arquitectura/Pods-arquitectura-frameworks-${CONFIGURATION}-input-files.xcfilelist",
			);
			name = "[CP] Embed Pods Frameworks";
			outputFileListPaths = (
				"${PODS_ROOT}/Target Support Files/Pods-arquitectura/Pods-arquitectura-frameworks-${CONFIGURATION}-output-files.xcfilelist",
			);
			runOnlyForDeploymentPostprocessing = 0;
			shellPath = /bin/sh;
			shellScript = "\"${PODS_ROOT}/Target Support Files/Pods-arquitectura/Pods-arquitectura-frameworks.sh\"\n";
			showEnvVarsInLog = 0;
		};
		EFBB816EDAC6F64CA94127FF /* [CP] Check Pods Manifest.lock */ = {
			isa = PBXShellScriptBuildPhase;
			buildActionMask = 2147483647;
			files = (
			);
			inputFileListPaths = (
			);
			inputPaths = (
				"${PODS_PODFILE_DIR_PATH}/Podfile.lock",
				"${PODS_ROOT}/Manifest.lock",
			);
			name = "[CP] Check Pods Manifest.lock";
			outputFileListPaths = (
			);
			outputPaths = (
				"$(DERIVED_FILE_DIR)/Pods-arquitectura-checkManifestLockResult.txt",
			);
			runOnlyForDeploymentPostprocessing = 0;
			shellPath = /bin/sh;
			shellScript = "diff \"${PODS_PODFILE_DIR_PATH}/Podfile.lock\" \"${PODS_ROOT}/Manifest.lock\" > /dev/null\nif [ $? != 0 ] ; then\n    # print error to STDERR\n    echo \"error: The sandbox is not in sync with the Podfile.lock. Run 'pod install' or update your CocoaPods installation.\" >&2\n    exit 1\nfi\n# This output is used by Xcode 'outputs' to avoid re-running this script phase.\necho \"SUCCESS\" > \"${SCRIPT_OUTPUT_FILE_0}\"\n";
			showEnvVarsInLog = 0;
		};
/* End PBXShellScriptBuildPhase section */

/* Begin PBXSourcesBuildPhase section */
		DE60E87923147E600073D562 /* Sources */ = {
			isa = PBXSourcesBuildPhase;
			buildActionMask = 2147483647;
			files = (
				DE51565C2317510F00EB6793 /* HomeViewModel.swift in Sources */,
				DE51560A2314C88600EB6793 /* LoginView.swift in Sources */,
				DE515644231726D400EB6793 /* BaseViewModel.swift in Sources */,
				FAF5CF83231785210002919C /* AppStateManager.swift in Sources */,
				DE5156542317506400EB6793 /* HomeRouting.swift in Sources */,
				DE5156102314C95500EB6793 /* LoginModel.swift in Sources */,
				DE51564B2317278800EB6793 /* BaseRouting.swift in Sources */,
				DE5156252315991500EB6793 /* AppState.swift in Sources */,
				DE60E88123147E600073D562 /* AppDelegate.swift in Sources */,
				DE515646231726E900EB6793 /* BaseModel.swift in Sources */,
				DE5156132314C97500EB6793 /* LoginRouter.swift in Sources */,
				DE5156422317252000EB6793 /* BaseView.swift in Sources */,
				DE515658231750C200EB6793 /* HomeView.swift in Sources */,
				DE5156282315998600EB6793 /* UsuarioModel.swift in Sources */,
				DE51560E2314C93D00EB6793 /* LoginViewModel.swift in Sources */,
			);
			runOnlyForDeploymentPostprocessing = 0;
		};
/* End PBXSourcesBuildPhase section */

/* Begin PBXVariantGroup section */
		DE60E88923147E6C0073D562 /* LaunchScreen.storyboard */ = {
			isa = PBXVariantGroup;
			children = (
				DE60E88A23147E6C0073D562 /* Base */,
			);
			name = LaunchScreen.storyboard;
			sourceTree = "<group>";
		};
/* End PBXVariantGroup section */

/* Begin XCBuildConfiguration section */
		DE60E88D23147E6C0073D562 /* Debug */ = {
			isa = XCBuildConfiguration;
			buildSettings = {
				ALWAYS_SEARCH_USER_PATHS = NO;
				CLANG_ANALYZER_NONNULL = YES;
				CLANG_ANALYZER_NUMBER_OBJECT_CONVERSION = YES_AGGRESSIVE;
				CLANG_CXX_LANGUAGE_STANDARD = "gnu++14";
				CLANG_CXX_LIBRARY = "libc++";
				CLANG_ENABLE_MODULES = YES;
				CLANG_ENABLE_OBJC_ARC = YES;
				CLANG_ENABLE_OBJC_WEAK = YES;
				CLANG_WARN_BLOCK_CAPTURE_AUTORELEASING = YES;
				CLANG_WARN_BOOL_CONVERSION = YES;
				CLANG_WARN_COMMA = YES;
				CLANG_WARN_CONSTANT_CONVERSION = YES;
				CLANG_WARN_DEPRECATED_OBJC_IMPLEMENTATIONS = YES;
				CLANG_WARN_DIRECT_OBJC_ISA_USAGE = YES_ERROR;
				CLANG_WARN_DOCUMENTATION_COMMENTS = YES;
				CLANG_WARN_EMPTY_BODY = YES;
				CLANG_WARN_ENUM_CONVERSION = YES;
				CLANG_WARN_INFINITE_RECURSION = YES;
				CLANG_WARN_INT_CONVERSION = YES;
				CLANG_WARN_NON_LITERAL_NULL_CONVERSION = YES;
				CLANG_WARN_OBJC_IMPLICIT_RETAIN_SELF = YES;
				CLANG_WARN_OBJC_LITERAL_CONVERSION = YES;
				CLANG_WARN_OBJC_ROOT_CLASS = YES_ERROR;
				CLANG_WARN_RANGE_LOOP_ANALYSIS = YES;
				CLANG_WARN_STRICT_PROTOTYPES = YES;
				CLANG_WARN_SUSPICIOUS_MOVE = YES;
				CLANG_WARN_UNGUARDED_AVAILABILITY = YES_AGGRESSIVE;
				CLANG_WARN_UNREACHABLE_CODE = YES;
				CLANG_WARN__DUPLICATE_METHOD_MATCH = YES;
				CODE_SIGN_IDENTITY = "iPhone Developer";
				COPY_PHASE_STRIP = NO;
				DEBUG_INFORMATION_FORMAT = dwarf;
				ENABLE_STRICT_OBJC_MSGSEND = YES;
				ENABLE_TESTABILITY = YES;
				GCC_C_LANGUAGE_STANDARD = gnu11;
				GCC_DYNAMIC_NO_PIC = NO;
				GCC_NO_COMMON_BLOCKS = YES;
				GCC_OPTIMIZATION_LEVEL = 0;
				GCC_PREPROCESSOR_DEFINITIONS = (
					"DEBUG=1",
					"$(inherited)",
				);
				GCC_WARN_64_TO_32_BIT_CONVERSION = YES;
				GCC_WARN_ABOUT_RETURN_TYPE = YES_ERROR;
				GCC_WARN_UNDECLARED_SELECTOR = YES;
				GCC_WARN_UNINITIALIZED_AUTOS = YES_AGGRESSIVE;
				GCC_WARN_UNUSED_FUNCTION = YES;
				GCC_WARN_UNUSED_VARIABLE = YES;
				IPHONEOS_DEPLOYMENT_TARGET = 12.4;
				MTL_ENABLE_DEBUG_INFO = INCLUDE_SOURCE;
				MTL_FAST_MATH = YES;
				ONLY_ACTIVE_ARCH = YES;
				SDKROOT = iphoneos;
				SWIFT_ACTIVE_COMPILATION_CONDITIONS = DEBUG;
				SWIFT_OPTIMIZATION_LEVEL = "-Onone";
			};
			name = Debug;
		};
		DE60E88E23147E6C0073D562 /* Release */ = {
			isa = XCBuildConfiguration;
			buildSettings = {
				ALWAYS_SEARCH_USER_PATHS = NO;
				CLANG_ANALYZER_NONNULL = YES;
				CLANG_ANALYZER_NUMBER_OBJECT_CONVERSION = YES_AGGRESSIVE;
				CLANG_CXX_LANGUAGE_STANDARD = "gnu++14";
				CLANG_CXX_LIBRARY = "libc++";
				CLANG_ENABLE_MODULES = YES;
				CLANG_ENABLE_OBJC_ARC = YES;
				CLANG_ENABLE_OBJC_WEAK = YES;
				CLANG_WARN_BLOCK_CAPTURE_AUTORELEASING = YES;
				CLANG_WARN_BOOL_CONVERSION = YES;
				CLANG_WARN_COMMA = YES;
				CLANG_WARN_CONSTANT_CONVERSION = YES;
				CLANG_WARN_DEPRECATED_OBJC_IMPLEMENTATIONS = YES;
				CLANG_WARN_DIRECT_OBJC_ISA_USAGE = YES_ERROR;
				CLANG_WARN_DOCUMENTATION_COMMENTS = YES;
				CLANG_WARN_EMPTY_BODY = YES;
				CLANG_WARN_ENUM_CONVERSION = YES;
				CLANG_WARN_INFINITE_RECURSION = YES;
				CLANG_WARN_INT_CONVERSION = YES;
				CLANG_WARN_NON_LITERAL_NULL_CONVERSION = YES;
				CLANG_WARN_OBJC_IMPLICIT_RETAIN_SELF = YES;
				CLANG_WARN_OBJC_LITERAL_CONVERSION = YES;
				CLANG_WARN_OBJC_ROOT_CLASS = YES_ERROR;
				CLANG_WARN_RANGE_LOOP_ANALYSIS = YES;
				CLANG_WARN_STRICT_PROTOTYPES = YES;
				CLANG_WARN_SUSPICIOUS_MOVE = YES;
				CLANG_WARN_UNGUARDED_AVAILABILITY = YES_AGGRESSIVE;
				CLANG_WARN_UNREACHABLE_CODE = YES;
				CLANG_WARN__DUPLICATE_METHOD_MATCH = YES;
				CODE_SIGN_IDENTITY = "iPhone Developer";
				COPY_PHASE_STRIP = NO;
				DEBUG_INFORMATION_FORMAT = "dwarf-with-dsym";
				ENABLE_NS_ASSERTIONS = NO;
				ENABLE_STRICT_OBJC_MSGSEND = YES;
				GCC_C_LANGUAGE_STANDARD = gnu11;
				GCC_NO_COMMON_BLOCKS = YES;
				GCC_WARN_64_TO_32_BIT_CONVERSION = YES;
				GCC_WARN_ABOUT_RETURN_TYPE = YES_ERROR;
				GCC_WARN_UNDECLARED_SELECTOR = YES;
				GCC_WARN_UNINITIALIZED_AUTOS = YES_AGGRESSIVE;
				GCC_WARN_UNUSED_FUNCTION = YES;
				GCC_WARN_UNUSED_VARIABLE = YES;
				IPHONEOS_DEPLOYMENT_TARGET = 12.4;
				MTL_ENABLE_DEBUG_INFO = NO;
				MTL_FAST_MATH = YES;
				SDKROOT = iphoneos;
				SWIFT_COMPILATION_MODE = wholemodule;
				SWIFT_OPTIMIZATION_LEVEL = "-O";
				VALIDATE_PRODUCT = YES;
			};
			name = Release;
		};
		DE60E89023147E6C0073D562 /* Debug */ = {
			isa = XCBuildConfiguration;
			baseConfigurationReference = 6D0122C9F2B70F42DA6FB8AD /* Pods-arquitectura.debug.xcconfig */;
			buildSettings = {
				ASSETCATALOG_COMPILER_APPICON_NAME = AppIcon;
				CODE_SIGN_STYLE = Automatic;
				DEVELOPMENT_TEAM = R5ZTX84J2N;
				INFOPLIST_FILE = arquitectura/Info.plist;
				LD_RUNPATH_SEARCH_PATHS = (
					"$(inherited)",
					"@executable_path/Frameworks",
				);
				PRODUCT_BUNDLE_IDENTIFIER = com.hidesoft.arquitectura;
				PRODUCT_NAME = "$(TARGET_NAME)";
				SWIFT_VERSION = 5.0;
				TARGETED_DEVICE_FAMILY = 1;
			};
			name = Debug;
		};
		DE60E89123147E6C0073D562 /* Release */ = {
			isa = XCBuildConfiguration;
			baseConfigurationReference = 7CB3BE501DF618392061E40F /* Pods-arquitectura.release.xcconfig */;
			buildSettings = {
				ASSETCATALOG_COMPILER_APPICON_NAME = AppIcon;
				CODE_SIGN_STYLE = Automatic;
				DEVELOPMENT_TEAM = R5ZTX84J2N;
				INFOPLIST_FILE = arquitectura/Info.plist;
				LD_RUNPATH_SEARCH_PATHS = (
					"$(inherited)",
					"@executable_path/Frameworks",
				);
				PRODUCT_BUNDLE_IDENTIFIER = com.hidesoft.arquitectura;
				PRODUCT_NAME = "$(TARGET_NAME)";
				SWIFT_VERSION = 5.0;
				TARGETED_DEVICE_FAMILY = 1;
			};
			name = Release;
		};
/* End XCBuildConfiguration section */

/* Begin XCConfigurationList section */
		DE60E87823147E600073D562 /* Build configuration list for PBXProject "arquitectura" */ = {
			isa = XCConfigurationList;
			buildConfigurations = (
				DE60E88D23147E6C0073D562 /* Debug */,
				DE60E88E23147E6C0073D562 /* Release */,
			);
			defaultConfigurationIsVisible = 0;
			defaultConfigurationName = Release;
		};
		DE60E88F23147E6C0073D562 /* Build configuration list for PBXNativeTarget "arquitectura" */ = {
			isa = XCConfigurationList;
			buildConfigurations = (
				DE60E89023147E6C0073D562 /* Debug */,
				DE60E89123147E6C0073D562 /* Release */,
			);
			defaultConfigurationIsVisible = 0;
			defaultConfigurationName = Release;
		};
/* End XCConfigurationList section */
	};
	rootObject = DE60E87523147E600073D562 /* Project object */;
}
